
Microsoft Visual Studio Solution File, Format Version 12.00
# Visual Studio 15
VisualStudioVersion = 15.0.28307.757
MinimumVisualStudioVersion = 10.0.40219.1
Project("{FAE04EC0-301F-11D3-BF4B-00C04F79EFBC}") = "NullableTypes", "NullableTypes\NullableTypes.csproj", "{87269545-3E5D-4DDA-BED7-BAE4A4D755B3}"
EndProject
Global
	GlobalSection(SolutionConfigurationPlatforms) = preSolution
		Debug|Any CPU = Debug|Any CPU
		Release|Any CPU = Release|Any CPU
	EndGlobalSection
	GlobalSection(ProjectConfigurationPlatforms) = postSolution
		{87269545-3E5D-4DDA-BED7-BAE4A4D755B3}.Debug|Any CPU.ActiveCfg = Debug|Any CPU
		{87269545-3E5D-4DDA-BED7-BAE4A4D755B3}.Debug|Any CPU.Build.0 = Debug|Any CPU
		{87269545-3E5D-4DDA-BED7-BAE4A4D755B3}.Release|Any CPU.ActiveCfg = Release|Any CPU
		{87269545-3E5D-4DDA-BED7-BAE4A4D755B3}.Release|Any CPU.Build.0 = Release|Any CPU
	EndGlobalSection
	GlobalSection(SolutionProperties) = preSolution
		HideSolutionNode = FALSE
	EndGlobalSection
	GlobalSection(ExtensibilityGlobals) = postSolution
		SolutionGuid = {C2CDCC01-76E6-4510-A3B9-406B91FEFF96}
	EndGlobalSection
EndGlobal
